
Microsoft Visual Studio Solution File, Format Version 12.00
Project("{FAE04EC0-301F-11D3-BF4B-00C04F79EFBC}") = "CameraInfo", "CameraInfo\CameraInfo\CameraInfo.csproj", "{297F6613-CAF3-4279-BDB3-74571641A74D}"
EndProject
Project("{FAE04EC0-301F-11D3-BF4B-00C04F79EFBC}") = "CameraInfo.Android", "CameraInfo\CameraInfo.Android\CameraInfo.Android.csproj", "{0778B657-3A2F-4D7A-8BE7-FEFF9707DAEF}"
EndProject
Project("{FAE04EC0-301F-11D3-BF4B-00C04F79EFBC}") = "CameraInfo.iOS", "CameraInfo\CameraInfo.iOS\CameraInfo.iOS.csproj", "{2C8F7A63-D9CA-4003-BD23-31AECE03CA19}"
EndProject
Global
	GlobalSection(SolutionConfigurationPlatforms) = preSolution
		Ad-Hoc|iPhone = Ad-Hoc|iPhone
		AppStore|iPhone = AppStore|iPhone
		Debug|Any CPU = Debug|Any CPU
		Debug|iPhone = Debug|iPhone
		Debug|iPhoneSimulator = Debug|iPhoneSimulator
		Release|Any CPU = Release|Any CPU
		Release|iPhone = Release|iPhone
		Release|iPhoneSimulator = Release|iPhoneSimulator
	EndGlobalSection
	GlobalSection(ProjectConfigurationPlatforms) = postSolution
		{297F6613-CAF3-4279-BDB3-74571641A74D}.Ad-Hoc|iPhone.ActiveCfg = Debug|Any CPU
		{297F6613-CAF3-4279-BDB3-74571641A74D}.Ad-Hoc|iPhone.Build.0 = Debug|Any CPU
		{297F6613-CAF3-4279-BDB3-74571641A74D}.AppStore|iPhone.ActiveCfg = Debug|Any CPU
		{297F6613-CAF3-4279-BDB3-74571641A74D}.AppStore|iPhone.Build.0 = Debug|Any CPU
		{297F6613-CAF3-4279-BDB3-74571641A74D}.Debug|Any CPU.ActiveCfg = Debug|Any CPU
		{297F6613-CAF3-4279-BDB3-74571641A74D}.Debug|Any CPU.Build.0 = Debug|Any CPU
		{297F6613-CAF3-4279-BDB3-74571641A74D}.Debug|iPhone.ActiveCfg = Debug|Any CPU
		{297F6613-CAF3-4279-BDB3-74571641A74D}.Debug|iPhone.Build.0 = Debug|Any CPU
		{297F6613-CAF3-4279-BDB3-74571641A74D}.Debug|iPhoneSimulator.ActiveCfg = Debug|Any CPU
		{297F6613-CAF3-4279-BDB3-74571641A74D}.Debug|iPhoneSimulator.Build.0 = Debug|Any CPU
		{297F6613-CAF3-4279-BDB3-74571641A74D}.Release|Any CPU.ActiveCfg = Release|Any CPU
		{297F6613-CAF3-4279-BDB3-74571641A74D}.Release|Any CPU.Build.0 = Release|Any CPU
		{297F6613-CAF3-4279-BDB3-74571641A74D}.Release|iPhone.ActiveCfg = Release|Any CPU
		{297F6613-CAF3-4279-BDB3-74571641A74D}.Release|iPhone.Build.0 = Release|Any CPU
		{297F6613-CAF3-4279-BDB3-74571641A74D}.Release|iPhoneSimulator.ActiveCfg = Release|Any CPU
		{297F6613-CAF3-4279-BDB3-74571641A74D}.Release|iPhoneSimulator.Build.0 = Release|Any CPU
		{0778B657-3A2F-4D7A-8BE7-FEFF9707DAEF}.Ad-Hoc|iPhone.ActiveCfg = Debug|Any CPU
		{0778B657-3A2F-4D7A-8BE7-FEFF9707DAEF}.Ad-Hoc|iPhone.Build.0 = Debug|Any CPU
		{0778B657-3A2F-4D7A-8BE7-FEFF9707DAEF}.Ad-Hoc|iPhone.Deploy.0 = Debug|Any CPU
		{0778B657-3A2F-4D7A-8BE7-FEFF9707DAEF}.AppStore|iPhone.ActiveCfg = Debug|Any CPU
		{0778B657-3A2F-4D7A-8BE7-FEFF9707DAEF}.AppStore|iPhone.Build.0 = Debug|Any CPU
		{0778B657-3A2F-4D7A-8BE7-FEFF9707DAEF}.AppStore|iPhone.Deploy.0 = Debug|Any CPU
		{0778B657-3A2F-4D7A-8BE7-FEFF9707DAEF}.Debug|Any CPU.ActiveCfg = Debug|Any CPU
		{0778B657-3A2F-4D7A-8BE7-FEFF9707DAEF}.Debug|Any CPU.Build.0 = Debug|Any CPU
		{0778B657-3A2F-4D7A-8BE7-FEFF9707DAEF}.Debug|Any CPU.Deploy.0 = Debug|Any CPU
		{0778B657-3A2F-4D7A-8BE7-FEFF9707DAEF}.Debug|iPhone.ActiveCfg = Debug|Any CPU
		{0778B657-3A2F-4D7A-8BE7-FEFF9707DAEF}.Debug|iPhone.Build.0 = Debug|Any CPU
		{0778B657-3A2F-4D7A-8BE7-FEFF9707DAEF}.Debug|iPhone.Deploy.0 = Debug|Any CPU
		{0778B657-3A2F-4D7A-8BE7-FEFF9707DAEF}.Debug|iPhoneSimulator.ActiveCfg = Debug|Any CPU
		{0778B657-3A2F-4D7A-8BE7-FEFF9707DAEF}.Debug|iPhoneSimulator.Build.0 = Debug|Any CPU
		{0778B657-3A2F-4D7A-8BE7-FEFF9707DAEF}.Debug|iPhoneSimulator.Deploy.0 = Debug|Any CPU
		{0778B657-3A2F-4D7A-8BE7-FEFF9707DAEF}.Release|Any CPU.ActiveCfg = Release|Any CPU
		{0778B657-3A2F-4D7A-8BE7-FEFF9707DAEF}.Release|Any CPU.Build.0 = Release|Any CPU
		{0778B657-3A2F-4D7A-8BE7-FEFF9707DAEF}.Release|Any CPU.Deploy.0 = Release|Any CPU
		{0778B657-3A2F-4D7A-8BE7-FEFF9707DAEF}.Release|iPhone.ActiveCfg = Release|Any CPU
		{0778B657-3A2F-4D7A-8BE7-FEFF9707DAEF}.Release|iPhone.Build.0 = Release|Any CPU
		{0778B657-3A2F-4D7A-8BE7-FEFF9707DAEF}.Release|iPhone.Deploy.0 = Release|Any CPU
		{0778B657-3A2F-4D7A-8BE7-FEFF9707DAEF}.Release|iPhoneSimulator.ActiveCfg = Release|Any CPU
		{0778B657-3A2F-4D7A-8BE7-FEFF9707DAEF}.Release|iPhoneSimulator.Build.0 = Release|Any CPU
		{0778B657-3A2F-4D7A-8BE7-FEFF9707DAEF}.Release|iPhoneSimulator.Deploy.0 = Release|Any CPU
		{2C8F7A63-D9CA-4003-BD23-31AECE03CA19}.Ad-Hoc|iPhone.ActiveCfg = Ad-Hoc|iPhone
		{2C8F7A63-D9CA-4003-BD23-31AECE03CA19}.Ad-Hoc|iPhone.Build.0 = Ad-Hoc|iPhone
		{2C8F7A63-D9CA-4003-BD23-31AECE03CA19}.Ad-Hoc|iPhone.Deploy.0 = Ad-Hoc|iPhone
		{2C8F7A63-D9CA-4003-BD23-31AECE03CA19}.AppStore|iPhone.ActiveCfg = AppStore|iPhone
		{2C8F7A63-D9CA-4003-BD23-31AECE03CA19}.AppStore|iPhone.Build.0 = AppStore|iPhone
		{2C8F7A63-D9CA-4003-BD23-31AECE03CA19}.AppStore|iPhone.Deploy.0 = AppStore|iPhone
		{2C8F7A63-D9CA-4003-BD23-31AECE03CA19}.Debug|Any CPU.ActiveCfg = Debug|iPhoneSimulator
		{2C8F7A63-D9CA-4003-BD23-31AECE03CA19}.Debug|Any CPU.Build.0 = Debug|iPhoneSimulator
		{2C8F7A63-D9CA-4003-BD23-31AECE03CA19}.Debug|Any CPU.Deploy.0 = Debug|iPhoneSimulator
		{2C8F7A63-D9CA-4003-BD23-31AECE03CA19}.Debug|iPhone.ActiveCfg = Debug|iPhone
		{2C8F7A63-D9CA-4003-BD23-31AECE03CA19}.Debug|iPhone.Build.0 = Debug|iPhone
		{2C8F7A63-D9CA-4003-BD23-31AECE03CA19}.Debug|iPhone.Deploy.0 = Debug|iPhone
		{2C8F7A63-D9CA-4003-BD23-31AECE03CA19}.Debug|iPhoneSimulator.ActiveCfg = Debug|iPhoneSimulator
		{2C8F7A63-D9CA-4003-BD23-31AECE03CA19}.Debug|iPhoneSimulator.Build.0 = Debug|iPhoneSimulator
		{2C8F7A63-D9CA-4003-BD23-31AECE03CA19}.Debug|iPhoneSimulator.Deploy.0 = Debug|iPhoneSimulator
		{2C8F7A63-D9CA-4003-BD23-31AECE03CA19}.Release|Any CPU.ActiveCfg = Release|iPhoneSimulator
		{2C8F7A63-D9CA-4003-BD23-31AECE03CA19}.Release|Any CPU.Build.0 = Release|iPhoneSimulator
		{2C8F7A63-D9CA-4003-BD23-31AECE03CA19}.Release|Any CPU.Deploy.0 = Release|iPhoneSimulator
		{2C8F7A63-D9CA-4003-BD23-31AECE03CA19}.Release|iPhone.ActiveCfg = Release|iPhone
		{2C8F7A63-D9CA-4003-BD23-31AECE03CA19}.Release|iPhone.Build.0 = Release|iPhone
		{2C8F7A63-D9CA-4003-BD23-31AECE03CA19}.Release|iPhone.Deploy.0 = Release|iPhone
		{2C8F7A63-D9CA-4003-BD23-31AECE03CA19}.Release|iPhoneSimulator.ActiveCfg = Release|iPhoneSimulator
		{2C8F7A63-D9CA-4003-BD23-31AECE03CA19}.Release|iPhoneSimulator.Build.0 = Release|iPhoneSimulator
		{2C8F7A63-D9CA-4003-BD23-31AECE03CA19}.Release|iPhoneSimulator.Deploy.0 = Release|iPhoneSimulator
	EndGlobalSection
EndGlobal
